
Microsoft Visual Studio Solution File, Format Version 12.00
# Visual Studio Version 17
VisualStudioVersion = 17.14.36212.18 d17.14
MinimumVisualStudioVersion = 10.0.40219.1
Project("{FAE04EC0-301F-11D3-BF4B-00C04F79EFBC}") = "GetWindowsLayout", "GetWindowsLayout.csproj", "{A677CD98-D6CB-4D2A-9CA8-4CF95A1E48F4}"
EndProject
Global
	GlobalSection(SolutionConfigurationPlatforms) = preSolution
		Debug|Any CPU = Debug|Any CPU
		Release|Any CPU = Release|Any CPU
	EndGlobalSection
	GlobalSection(ProjectConfigurationPlatforms) = postSolution
		{A677CD98-D6CB-4D2A-9CA8-4CF95A1E48F4}.Debug|Any CPU.ActiveCfg = Debug|Any CPU
		{A677CD98-D6CB-4D2A-9CA8-4CF95A1E48F4}.Debug|Any CPU.Build.0 = Debug|Any CPU
		{A677CD98-D6CB-4D2A-9CA8-4CF95A1E48F4}.Release|Any CPU.ActiveCfg = Release|Any CPU
		{A677CD98-D6CB-4D2A-9CA8-4CF95A1E48F4}.Release|Any CPU.Build.0 = Release|Any CPU
	EndGlobalSection
	GlobalSection(SolutionProperties) = preSolution
		HideSolutionNode = FALSE
	EndGlobalSection
	GlobalSection(ExtensibilityGlobals) = postSolution
		SolutionGuid = {C163C786-EF3E-4D81-BADF-54E3768A093A}
	EndGlobalSection
EndGlobal
